<?xml version="1.0" encoding="UTF-8"?>
<Scheme
   LastUpgradeVersion = "1330"
   version = "1.7">
   <BuildAction
      parallelizeBuildables = "YES"
      buildImplicitDependencies = "YES">
      <PostActions>
         <ExecutionAction
            ActionType = "Xcode.IDEStandardExecutionActionsCore.ExecutionActionType.ShellScriptAction">
            <ActionContent
               title = "Run Script"
               scriptText = "# Type a script or drag a script file from your workspace to insert its path.&#10;# https://github.com/firebase/firebase-ios-sdk/issues/6472&#10;rm -rf &quot;${TARGET_BUILD_DIR}/${PRODUCT_NAME}.app/Frameworks/FIRAnalyticsConnector.framework&quot;&#10;rm -rf &quot;${TARGET_BUILD_DIR}/${PRODUCT_NAME}.app/Frameworks/FirebaseAnalytics.framework&quot;&#10;rm -rf &quot;${TARGET_BUILD_DIR}/${PRODUCT_NAME}.app/Frameworks/GoogleAppMeasurement.framework&quot;&#10;rm -rf &quot;${TARGET_BUILD_DIR}/${PRODUCT_NAME}.app/PlugIns/FIRAnalyticsConnector.framework&quot;&#10;rm -rf &quot;${TARGET_BUILD_DIR}/${PRODUCT_NAME}.app/PlugIns/FirebaseAnalytics.framework&quot;&#10;rm -rf &quot;${TARGET_BUILD_DIR}/${PRODUCT_NAME}.app/PlugIns/GoogleAppMeasurement.framework&quot;&#10;rm -rf &quot;${TARGET_BUILD_DIR}/${PRODUCT_NAME}.app/Watch/FIRAnalyticsConnector.framework&quot;&#10;rm -rf &quot;${TARGET_BUILD_DIR}/${PRODUCT_NAME}.app/Watch/FirebaseAnalytics.framework&quot;&#10;rm -rf &quot;${TARGET_BUILD_DIR}/${PRODUCT_NAME}.app/Watch/GoogleAppMeasurement.framework&quot;&#10;">
               <EnvironmentBuildable>
                  <BuildableReference
                     BuildableIdentifier = "primary"
                     BlueprintIdentifier = "1D6058900D05DD3D006BFB54"
                     BuildableName = "KaufDa.app"
                     BlueprintName = "KaufDA"
                     ReferencedContainer = "container:KaufDa.xcodeproj">
                  </BuildableReference>
               </EnvironmentBuildable>
            </ActionContent>
         </ExecutionAction>
      </PostActions>
      <BuildActionEntries>
         <BuildActionEntry
            buildForTesting = "YES"
            buildForRunning = "YES"
            buildForProfiling = "YES"
            buildForArchiving = "YES"
            buildForAnalyzing = "YES">
            <BuildableReference
               BuildableIdentifier = "primary"
               BlueprintIdentifier = "1D6058900D05DD3D006BFB54"
               BuildableName = "KaufDa.app"
               BlueprintName = "KaufDA"
               ReferencedContainer = "container:KaufDa.xcodeproj">
            </BuildableReference>
         </BuildActionEntry>
      </BuildActionEntries>
   </BuildAction>
   <TestAction
      buildConfiguration = "Debug"
      selectedDebuggerIdentifier = "Xcode.DebuggerFoundation.Debugger.LLDB"
      selectedLauncherIdentifier = "Xcode.DebuggerFoundation.Launcher.LLDB"
      shouldUseLaunchSchemeArgsEnv = "NO"
      disableMainThreadChecker = "YES"
      codeCoverageEnabled = "YES">
      <MacroExpansion>
         <BuildableReference
            BuildableIdentifier = "primary"
            BlueprintIdentifier = "1D6058900D05DD3D006BFB54"
            BuildableName = "KaufDa.app"
            BlueprintName = "KaufDA"
            ReferencedContainer = "container:KaufDa.xcodeproj">
         </BuildableReference>
      </MacroExpansion>
      <CommandLineArguments>
         <CommandLineArgument
            argument = "test_automation"
            isEnabled = "YES">
         </CommandLineArgument>
      </CommandLineArguments>
      <TestPlans>
      </TestPlans>
   </TestAction>
   <LaunchAction
      buildConfiguration = "Debug"
      selectedDebuggerIdentifier = "Xcode.DebuggerFoundation.Debugger.LLDB"
      selectedLauncherIdentifier = "Xcode.DebuggerFoundation.Launcher.LLDB"
      launchStyle = "0"
      useCustomWorkingDirectory = "NO"
      ignoresPersistentStateOnLaunch = "NO"
      debugDocumentVersioning = "YES"
      debugServiceExtension = "internal"
      allowLocationSimulation = "YES">
      <BuildableProductRunnable
         runnableDebuggingMode = "0">
         <BuildableReference
            BuildableIdentifier = "primary"
            BlueprintIdentifier = "1D6058900D05DD3D006BFB54"
            BuildableName = "KaufDa.app"
            BlueprintName = "KaufDA"
            ReferencedContainer = "container:KaufDa.xcodeproj">
         </BuildableReference>
      </BuildableProductRunnable>
      <LocationScenarioReference
         identifier = "com.apple.dt.IDEFoundation.CurrentLocationScenarioIdentifier"
         referenceType = "1">
      </LocationScenarioReference>
   </LaunchAction>
   <ProfileAction
      buildConfiguration = "Release"
      shouldUseLaunchSchemeArgsEnv = "YES"
      savedToolIdentifier = ""
      useCustomWorkingDirectory = "NO"
      debugDocumentVersioning = "YES">
      <BuildableProductRunnable
         runnableDebuggingMode = "0">
         <BuildableReference
            BuildableIdentifier = "primary"
            BlueprintIdentifier = "1D6058900D05DD3D006BFB54"
            BuildableName = "KaufDa.app"
            BlueprintName = "KaufDA"
            ReferencedContainer = "container:KaufDa.xcodeproj">
         </BuildableReference>
      </BuildableProductRunnable>
   </ProfileAction>
   <AnalyzeAction
      buildConfiguration = "Release">
   </AnalyzeAction>
   <ArchiveAction
      buildConfiguration = "Release"
      revealArchiveInOrganizer = "YES">
   </ArchiveAction>
</Scheme>
